# Generated by pub
# See https://dart.dev/tools/pub/glossary#lockfile
packages:
  _fe_analyzer_shared:
    dependency: transitive
    description:
      name: _fe_analyzer_shared
      url: "https://pub.dartlang.org"
    source: hosted
    version: "12.0.0"
  after_layout:
    dependency: transitive
    description:
      name: after_layout
      url: "https://pub.dartlang.org"
    source: hosted
    version: "1.0.7+2"
  analyzer:
    dependency: transitive
    description:
      name: analyzer
      url: "https://pub.dartlang.org"
    source: hosted
    version: "0.40.6"
  archive:
    dependency: transitive
    description:
      name: archive
      url: "https://pub.dartlang.org"
    source: hosted
    version: "2.0.13"
  args:
    dependency: transitive
    description:
      name: args
      url: "https://pub.dartlang.org"
    source: hosted
    version: "1.6.0"
  async:
    dependency: transitive
    description:
      name: async
      url: "https://pub.dartlang.org"
    source: hosted
    version: "2.5.0-nullsafety.3"
  badges:
    dependency: transitive
    description:
      name: badges
      url: "https://pub.dartlang.org"
    source: hosted
    version: "1.1.6"
  basic_utils:
    dependency: transitive
    description:
      name: basic_utils
      url: "https://pub.dartlang.org"
    source: hosted
    version: "2.7.0-rc.4"
  bazel_worker:
    dependency: transitive
    description:
      name: bazel_worker
      url: "https://pub.dartlang.org"
    source: hosted
    version: "0.1.25"
  buffer:
    dependency: transitive
    description:
      name: buffer
      url: "https://pub.dartlang.org"
    source: hosted
    version: "1.0.7"
  build:
    dependency: transitive
    description:
      name: build
      url: "https://pub.dartlang.org"
    source: hosted
    version: "1.6.1"
  build_config:
    dependency: "direct dev"
    description:
      name: build_config
      url: "https://pub.dartlang.org"
    source: hosted
    version: "0.4.5"
  build_daemon:
    dependency: transitive
    description:
      name: build_daemon
      url: "https://pub.dartlang.org"
    source: hosted
    version: "2.1.4"
  build_modules:
    dependency: transitive
    description:
      name: build_modules
      url: "https://pub.dartlang.org"
    source: hosted
    version: "3.0.2"
  build_resolvers:
    dependency: transitive
    description:
      name: build_resolvers
      url: "https://pub.dartlang.org"
    source: hosted
    version: "1.5.2"
  build_runner:
    dependency: "direct dev"
    description:
      name: build_runner
      url: "https://pub.dartlang.org"
    source: hosted
    version: "1.11.0"
  build_runner_core:
    dependency: transitive
    description:
      name: build_runner_core
      url: "https://pub.dartlang.org"
    source: hosted
    version: "6.1.6"
  build_web_compilers:
    dependency: "direct main"
    description:
      name: build_web_compilers
      url: "https://pub.dartlang.org"
    source: hosted
    version: "2.16.1"
  built_collection:
    dependency: transitive
    description:
      name: built_collection
      url: "https://pub.dartlang.org"
    source: hosted
    version: "4.3.2"
  built_value:
    dependency: transitive
    description:
      name: built_value
      url: "https://pub.dartlang.org"
    source: hosted
    version: "7.1.0"
  cached_network_image:
    dependency: transitive
    description:
      name: cached_network_image
      url: "https://pub.dartlang.org"
    source: hosted
    version: "2.5.0"
  characters:
    dependency: transitive
    description:
      name: characters
      url: "https://pub.dartlang.org"
    source: hosted
    version: "1.1.0-nullsafety.5"
  charcode:
    dependency: transitive
    description:
      name: charcode
      url: "https://pub.dartlang.org"
    source: hosted
    version: "1.2.0-nullsafety.3"
  checked_yaml:
    dependency: transitive
    description:
      name: checked_yaml
      url: "https://pub.dartlang.org"
    source: hosted
    version: "1.0.2"
  chewie:
    dependency: transitive
    description:
      name: chewie
      url: "https://pub.dartlang.org"
    source: hosted
    version: "0.12.2"
  chewie_audio:
    dependency: transitive
    description:
      name: chewie_audio
      url: "https://pub.dartlang.org"
    source: hosted
    version: "1.1.1"
  chunked_stream:
    dependency: transitive
    description:
      name: chunked_stream
      url: "https://pub.dartlang.org"
    source: hosted
    version: "1.2.0"
  cli_util:
    dependency: transitive
    description:
      name: cli_util
      url: "https://pub.dartlang.org"
    source: hosted
    version: "0.2.0"
  clock:
    dependency: transitive
    description:
      name: clock
      url: "https://pub.dartlang.org"
    source: hosted
    version: "1.0.1"
  code_builder:
    dependency: transitive
    description:
      name: code_builder
      url: "https://pub.dartlang.org"
    source: hosted
    version: "3.5.0"
  collection:
    dependency: transitive
    description:
      name: collection
      url: "https://pub.dartlang.org"
    source: hosted
    version: "1.15.0-nullsafety.5"
  collection_diff:
    dependency: transitive
    description:
      name: collection_diff
      url: "https://pub.dartlang.org"
    source: hosted
    version: "1.0.3"
  collection_diff_worker:
    dependency: transitive
    description:
      name: collection_diff_worker
      url: "https://pub.dartlang.org"
    source: hosted
    version: "0.4.5"
  contact_v2:
    dependency: "direct overridden"
    description:
      path: "../../../sunny_entities/contact_v2"
      relative: true
    source: path
    version: "1.0.0"
  convert:
    dependency: transitive
    description:
      name: convert
      url: "https://pub.dartlang.org"
    source: hosted
    version: "2.1.1"
  crop:
    dependency: transitive
    description:
      name: crop
      url: "https://pub.dartlang.org"
    source: hosted
    version: "0.4.2"
  crypto:
    dependency: transitive
    description:
      name: crypto
      url: "https://pub.dartlang.org"
    source: hosted
    version: "2.1.5"
  css_colors:
    dependency: transitive
    description:
      name: css_colors
      url: "https://pub.dartlang.org"
    source: hosted
    version: "1.1.0"
  csslib:
    dependency: transitive
    description:
      name: csslib
      url: "https://pub.dartlang.org"
    source: hosted
    version: "0.16.2"
  cupertino_icons:
    dependency: transitive
    description:
      name: cupertino_icons
      url: "https://pub.dartlang.org"
    source: hosted
    version: "1.0.1+1"
  dart_style:
    dependency: transitive
    description:
      name: dart_style
      url: "https://pub.dartlang.org"
    source: hosted
    version: "1.3.10"
  dartx:
    dependency: transitive
    description:
      name: dartx
      url: "https://pub.dartlang.org"
    source: hosted
    version: "0.5.0"
  dio:
    dependency: transitive
    description:
      name: dio
      url: "https://pub.dartlang.org"
    source: hosted
    version: "3.0.10"
  equatable:
    dependency: transitive
    description:
      name: equatable
      url: "https://pub.dartlang.org"
    source: hosted
    version: "1.2.5"
  expanding_cards:
    dependency: transitive
    description:
      name: expanding_cards
      url: "https://pub.dartlang.org"
    source: hosted
    version: "0.4.4"
  extended_list_library:
    dependency: transitive
    description:
      name: extended_list_library
      url: "https://pub.dartlang.org"
    source: hosted
    version: "2.0.0"
  fact_schemas:
    dependency: "direct overridden"
    description:
      path: "../../../sunny_entities/fact_schemas"
      relative: true
    source: path
    version: "1.0.0"
  facts:
    dependency: "direct overridden"
    description:
      path: "../../../sunny_entities/facts"
      relative: true
    source: path
    version: "1.0.0"
  ffi:
    dependency: transitive
    description:
      name: ffi
      url: "https://pub.dartlang.org"
    source: hosted
    version: "0.1.3"
  file:
    dependency: transitive
    description:
      name: file
      url: "https://pub.dartlang.org"
    source: hosted
    version: "5.2.1"
  file_picker:
    dependency: transitive
    description:
      name: file_picker
      url: "https://pub.dartlang.org"
    source: hosted
    version: "2.1.5+1"
  firebase_auth:
    dependency: transitive
    description:
      name: firebase_auth
      url: "https://pub.dartlang.org"
    source: hosted
    version: "0.18.4+1"
  firebase_auth_platform_interface:
    dependency: transitive
    description:
      name: firebase_auth_platform_interface
      url: "https://pub.dartlang.org"
    source: hosted
    version: "2.1.4"
  firebase_auth_web:
    dependency: transitive
    description:
      name: firebase_auth_web
      url: "https://pub.dartlang.org"
    source: hosted
    version: "0.3.2+3"
  firebase_core:
    dependency: transitive
    description:
      name: firebase_core
      url: "https://pub.dartlang.org"
    source: hosted
    version: "0.5.3"
  firebase_core_platform_interface:
    dependency: transitive
    description:
      name: firebase_core_platform_interface
      url: "https://pub.dartlang.org"
    source: hosted
    version: "2.1.0"
  firebase_core_web:
    dependency: transitive
    description:
      name: firebase_core_web
      url: "https://pub.dartlang.org"
    source: hosted
    version: "0.2.1+1"
  firebase_storage:
    dependency: transitive
    description:
      name: firebase_storage
      url: "https://pub.dartlang.org"
    source: hosted
    version: "5.2.0"
  firebase_storage_platform_interface:
    dependency: transitive
    description:
      name: firebase_storage_platform_interface
      url: "https://pub.dartlang.org"
    source: hosted
    version: "1.0.2"
  firebase_storage_web:
    dependency: transitive
    description:
      name: firebase_storage_web
      url: "https://pub.dartlang.org"
    source: hosted
    version: "0.1.1+1"
  fixnum:
    dependency: transitive
    description:
      name: fixnum
      url: "https://pub.dartlang.org"
    source: hosted
    version: "0.10.11"
  floor:
    dependency: transitive
    description:
      name: floor
      url: "https://pub.dartlang.org"
    source: hosted
    version: "0.18.0"
  floor_annotation:
    dependency: transitive
    description:
      name: floor_annotation
      url: "https://pub.dartlang.org"
    source: hosted
    version: "0.11.0"
  floor_generator:
    dependency: "direct overridden"
    description:
      name: floor_generator
      url: "https://pub.dartlang.org"
    source: hosted
    version: "0.18.0"
  flutter:
    dependency: "direct main"
    description: flutter
    source: sdk
    version: "0.0.0"
  flutter_blurhash:
    dependency: transitive
    description:
      name: flutter_blurhash
      url: "https://pub.dartlang.org"
    source: hosted
    version: "0.5.0"
  flutter_cache_manager:
    dependency: transitive
    description:
      name: flutter_cache_manager
      url: "https://pub.dartlang.org"
    source: hosted
    version: "2.1.1"
  flutter_chips_input_sunny:
    dependency: "direct overridden"
    description:
      path: "../../../flutter_chips_input_sunny"
      relative: true
    source: path
    version: "1.2.0"
  flutter_contact:
    dependency: transitive
    description:
      name: flutter_contact
      url: "https://pub.dartlang.org"
    source: hosted
    version: "0.6.5+1"
  flutter_degen:
    dependency: transitive
    description:
      name: flutter_degen
      url: "https://pub.dartlang.org"
    source: hosted
    version: "0.4.5+6"
  flutter_html:
    dependency: transitive
    description:
      name: flutter_html
      url: "https://pub.dartlang.org"
    source: hosted
    version: "1.2.0"
  flutter_keyboard_visibility:
    dependency: transitive
    description:
      name: flutter_keyboard_visibility
      url: "https://pub.dartlang.org"
    source: hosted
    version: "4.0.2"
  flutter_keyboard_visibility_platform_interface:
    dependency: transitive
    description:
      name: flutter_keyboard_visibility_platform_interface
      url: "https://pub.dartlang.org"
    source: hosted
    version: "1.0.1"
  flutter_keyboard_visibility_web:
    dependency: transitive
    description:
      name: flutter_keyboard_visibility_web
      url: "https://pub.dartlang.org"
    source: hosted
    version: "1.0.1"
  flutter_layout_grid:
    dependency: transitive
    description:
      name: flutter_layout_grid
      url: "https://pub.dartlang.org"
    source: hosted
    version: "0.10.3"
  flutter_mobx:
    dependency: transitive
    description:
      name: flutter_mobx
      url: "https://pub.dartlang.org"
    source: hosted
    version: "1.1.0+2"
  flutter_platform_widgets:
    dependency: "direct overridden"
    description:
      path: "../../../flutter_platform_widgets"
      relative: true
    source: path
    version: "0.71.0"
  flutter_plugin_android_lifecycle:
    dependency: transitive
    description:
      name: flutter_plugin_android_lifecycle
      url: "https://pub.dartlang.org"
    source: hosted
    version: "1.0.11"
  flutter_screen_scaling:
    dependency: transitive
    description:
      name: flutter_screen_scaling
      url: "https://pub.dartlang.org"
    source: hosted
    version: "2.3.2"
  flutter_slidable:
    dependency: transitive
    description:
      name: flutter_slidable
      url: "https://pub.dartlang.org"
    source: hosted
    version: "0.5.7"
  flutter_staggered_grid_view:
    dependency: transitive
    description:
      name: flutter_staggered_grid_view
      url: "https://pub.dartlang.org"
    source: hosted
    version: "0.3.3"
  flutter_svg:
    dependency: transitive
    description:
      name: flutter_svg
      url: "https://pub.dartlang.org"
    source: hosted
    version: "0.19.2+1"
  flutter_typeahead:
    dependency: transitive
    description:
      name: flutter_typeahead
      url: "https://pub.dartlang.org"
    source: hosted
    version: "2.0.0"
  flutter_web_plugins:
    dependency: transitive
    description: flutter
    source: sdk
    version: "0.0.0"
  full_text_search:
    dependency: "direct overridden"
    description:
      path: "../../../full_text_search"
      relative: true
    source: path
    version: "0.5.5"
  glob:
    dependency: transitive
    description:
      name: glob
      url: "https://pub.dartlang.org"
    source: hosted
    version: "1.2.0"
  google_maps_webservice:
    dependency: transitive
    description:
      name: google_maps_webservice
      url: "https://pub.dartlang.org"
    source: hosted
    version: "0.0.19"
  graphs:
    dependency: transitive
    description:
      name: graphs
      url: "https://pub.dartlang.org"
    source: hosted
    version: "0.2.0"
  grunt_web_worker_gen:
    dependency: "direct main"
    description:
      path: ".."
      relative: true
    source: path
    version: "0.0.0"
  html:
    dependency: transitive
    description:
      name: html
      url: "https://pub.dartlang.org"
    source: hosted
    version: "0.14.0+4"
  http:
    dependency: transitive
    description:
      name: http
      url: "https://pub.dartlang.org"
    source: hosted
    version: "0.12.2"
  http_multi_server:
    dependency: transitive
    description:
      name: http_multi_server
      url: "https://pub.dartlang.org"
    source: hosted
    version: "2.2.0"
  http_parser:
    dependency: transitive
    description:
      name: http_parser
      url: "https://pub.dartlang.org"
    source: hosted
    version: "3.1.4"
  image:
    dependency: transitive
    description:
      name: image
      url: "https://pub.dartlang.org"
    source: hosted
    version: "2.1.19"
  image_cropper:
    dependency: transitive
    description:
      name: image_cropper
      url: "https://pub.dartlang.org"
    source: hosted
    version: "1.3.1"
  import_js_library:
    dependency: transitive
    description:
      name: import_js_library
      url: "https://pub.dartlang.org"
    source: hosted
    version: "1.0.2"
  inflection2:
    dependency: transitive
    description:
      name: inflection2
      url: "https://pub.dartlang.org"
    source: hosted
    version: "0.4.3"
  intl:
    dependency: transitive
    description:
      name: intl
      url: "https://pub.dartlang.org"
    source: hosted
    version: "0.16.1"
  io:
    dependency: transitive
    description:
      name: io
      url: "https://pub.dartlang.org"
    source: hosted
    version: "0.3.4"
  isolate:
    dependency: transitive
    description:
      name: isolate
      url: "https://pub.dartlang.org"
    source: hosted
    version: "2.0.3"
  js:
    dependency: transitive
    description:
      name: js
      url: "https://pub.dartlang.org"
    source: hosted
    version: "0.6.3-nullsafety.3"
  json_annotation:
    dependency: transitive
    description:
      name: json_annotation
      url: "https://pub.dartlang.org"
    source: hosted
    version: "3.1.1"
  kiwi:
    dependency: transitive
    description:
      name: kiwi
      url: "https://pub.dartlang.org"
    source: hosted
    version: "2.1.1"
  libphonenumber:
    dependency: transitive
    description:
      name: libphonenumber
      url: "https://pub.dartlang.org"
    source: hosted
    version: "1.0.2"
  logging:
    dependency: transitive
    description:
      name: logging
      url: "https://pub.dartlang.org"
    source: hosted
    version: "0.11.4"
  logging_config:
    dependency: transitive
    description:
      name: logging_config
      url: "https://pub.dartlang.org"
    source: hosted
    version: "0.4.7"
  m_entity:
    dependency: "direct overridden"
    description:
      path: "../../../sunny_entities/m_entity"
      relative: true
    source: path
    version: "1.0.0"
  matcher:
    dependency: transitive
    description:
      name: matcher
      url: "https://pub.dartlang.org"
    source: hosted
    version: "0.12.10-nullsafety.3"
  material_segmented_control:
    dependency: transitive
    description:
      name: material_segmented_control
      url: "https://pub.dartlang.org"
    source: hosted
    version: "2.1.1+1"
  matrix4_transform:
    dependency: transitive
    description:
      name: matrix4_transform
      url: "https://pub.dartlang.org"
    source: hosted
    version: "1.1.6"
  meta:
    dependency: transitive
    description:
      name: meta
      url: "https://pub.dartlang.org"
    source: hosted
    version: "1.3.0-nullsafety.6"
  meta_forms:
    dependency: "direct overridden"
    description:
      path: "../../../meta_forms"
      relative: true
    source: path
    version: "0.0.0"
  mime:
    dependency: transitive
    description:
      name: mime
      url: "https://pub.dartlang.org"
    source: hosted
    version: "0.9.7"
  mobx:
    dependency: transitive
    description:
      name: mobx
      url: "https://pub.dartlang.org"
    source: hosted
    version: "1.2.1+4"
  modal_bottom_sheet:
    dependency: transitive
    description:
      name: modal_bottom_sheet
      url: "https://pub.dartlang.org"
    source: hosted
    version: "1.0.0+1"
  multi_image_picker:
    dependency: transitive
    description:
      name: multi_image_picker
      url: "https://pub.dartlang.org"
    source: hosted
    version: "4.7.14"
  muse_ai:
    dependency: transitive
    description:
      name: muse_ai
      url: "https://pub.dartlang.org"
    source: hosted
    version: "0.4.4+6"
  nested:
    dependency: transitive
    description:
      name: nested
      url: "https://pub.dartlang.org"
    source: hosted
    version: "0.0.4"
  node_interop:
    dependency: transitive
    description:
      name: node_interop
      url: "https://pub.dartlang.org"
    source: hosted
    version: "1.2.1"
  node_io:
    dependency: transitive
    description:
      name: node_io
      url: "https://pub.dartlang.org"
    source: hosted
    version: "1.2.0"
  observable_collections:
    dependency: transitive
    description:
      name: observable_collections
      url: "https://pub.dartlang.org"
    source: hosted
    version: "0.5.1+2"
  octo_image:
    dependency: transitive
    description:
      name: octo_image
      url: "https://pub.dartlang.org"
    source: hosted
    version: "0.3.0"
  overlay_support:
    dependency: transitive
    description:
      name: overlay_support
      url: "https://pub.dartlang.org"
    source: hosted
    version: "1.0.5"
  package_config:
    dependency: transitive
    description:
      name: package_config
      url: "https://pub.dartlang.org"
    source: hosted
    version: "1.9.3"
  path:
    dependency: transitive
    description:
      name: path
      url: "https://pub.dartlang.org"
    source: hosted
    version: "1.8.0-nullsafety.3"
  path_drawing:
    dependency: transitive
    description:
      name: path_drawing
      url: "https://pub.dartlang.org"
    source: hosted
    version: "0.4.1+1"
  path_parsing:
    dependency: transitive
    description:
      name: path_parsing
      url: "https://pub.dartlang.org"
    source: hosted
    version: "0.1.4"
  path_provider:
    dependency: transitive
    description:
      name: path_provider
      url: "https://pub.dartlang.org"
    source: hosted
    version: "1.6.27"
  path_provider_linux:
    dependency: transitive
    description:
      name: path_provider_linux
      url: "https://pub.dartlang.org"
    source: hosted
    version: "0.0.1+2"
  path_provider_macos:
    dependency: transitive
    description:
      name: path_provider_macos
      url: "https://pub.dartlang.org"
    source: hosted
    version: "0.0.4+6"
  path_provider_platform_interface:
    dependency: transitive
    description:
      name: path_provider_platform_interface
      url: "https://pub.dartlang.org"
    source: hosted
    version: "1.0.4"
  path_provider_windows:
    dependency: transitive
    description:
      name: path_provider_windows
      url: "https://pub.dartlang.org"
    source: hosted
    version: "0.0.4+3"
  pedantic:
    dependency: transitive
    description:
      name: pedantic
      url: "https://pub.dartlang.org"
    source: hosted
    version: "1.9.2"
  percent_indicator:
    dependency: transitive
    description:
      name: percent_indicator
      url: "https://pub.dartlang.org"
    source: hosted
    version: "2.1.9"
  permission_handler:
    dependency: transitive
    description:
      name: permission_handler
      url: "https://pub.dartlang.org"
    source: hosted
    version: "5.0.1+1"
  permission_handler_platform_interface:
    dependency: transitive
    description:
      name: permission_handler_platform_interface
      url: "https://pub.dartlang.org"
    source: hosted
    version: "2.0.1"
  petitparser:
    dependency: transitive
    description:
      name: petitparser
      url: "https://pub.dartlang.org"
    source: hosted
    version: "3.1.0"
  pfile:
    dependency: "direct main"
    description:
      path: "../../../pfile"
      relative: true
    source: path
    version: "0.4.4+3"
  photo_view:
    dependency: transitive
    description:
      name: photo_view
      url: "https://pub.dartlang.org"
    source: hosted
    version: "0.10.3"
  platform:
    dependency: transitive
    description:
      name: platform
      url: "https://pub.dartlang.org"
    source: hosted
    version: "2.2.1"
  platform_detect:
    dependency: transitive
    description:
      name: platform_detect
      url: "https://pub.dartlang.org"
    source: hosted
    version: "1.4.0"
  plugin_platform_interface:
    dependency: transitive
    description:
      name: plugin_platform_interface
      url: "https://pub.dartlang.org"
    source: hosted
    version: "1.0.3"
  pointycastle:
    dependency: transitive
    description:
      name: pointycastle
      url: "https://pub.dartlang.org"
    source: hosted
    version: "2.0.0"
  pool:
    dependency: transitive
    description:
      name: pool
      url: "https://pub.dartlang.org"
    source: hosted
    version: "1.4.0"
  process:
    dependency: transitive
    description:
      name: process
      url: "https://pub.dartlang.org"
    source: hosted
    version: "3.0.13"
  progress_indicator_button:
    dependency: "direct overridden"
    description:
      path: "../../../progress_button"
      relative: true
    source: path
    version: "0.0.3"
  protobuf:
    dependency: transitive
    description:
      name: protobuf
      url: "https://pub.dartlang.org"
    source: hosted
    version: "1.1.0"
  provider:
    dependency: transitive
    description:
      name: provider
      url: "https://pub.dartlang.org"
    source: hosted
    version: "4.3.3"
  pub_semver:
    dependency: transitive
    description:
      name: pub_semver
      url: "https://pub.dartlang.org"
    source: hosted
    version: "1.4.4"
  pubspec_parse:
    dependency: transitive
    description:
      name: pubspec_parse
      url: "https://pub.dartlang.org"
    source: hosted
    version: "0.1.5"
  quiver:
    dependency: transitive
    description:
      name: quiver
      url: "https://pub.dartlang.org"
    source: hosted
    version: "2.1.5"
  random_string:
    dependency: transitive
    description:
      name: random_string
      url: "https://pub.dartlang.org"
    source: hosted
    version: "2.1.0"
  recase:
    dependency: transitive
    description:
      name: recase
      url: "https://pub.dartlang.org"
    source: hosted
    version: "3.0.1"
  reliveit:
    dependency: "direct overridden"
    description:
      path: "../../../sunny_entities/reliveit"
      relative: true
    source: path
    version: "1.0.0"
  reorderables:
    dependency: transitive
    description:
      name: reorderables
      url: "https://pub.dartlang.org"
    source: hosted
    version: "0.3.2"
  responsive_builder:
    dependency: transitive
    description:
      name: responsive_builder
      url: "https://pub.dartlang.org"
    source: hosted
    version: "0.3.0"
  rxdart:
    dependency: transitive
    description:
      name: rxdart
      url: "https://pub.dartlang.org"
    source: hosted
    version: "0.24.1"
  scratch_space:
    dependency: transitive
    description:
      name: scratch_space
      url: "https://pub.dartlang.org"
    source: hosted
    version: "0.0.4+2"
  semaphore:
    dependency: transitive
    description:
      name: semaphore
      url: "https://pub.dartlang.org"
    source: hosted
    version: "0.1.4"
  service_worker:
    dependency: transitive
    description:
      name: service_worker
      url: "https://pub.dartlang.org"
    source: hosted
    version: "0.2.4"
  shelf:
    dependency: transitive
    description:
      name: shelf
      url: "https://pub.dartlang.org"
    source: hosted
    version: "0.7.9"
  shelf_web_socket:
    dependency: transitive
    description:
      name: shelf_web_socket
      url: "https://pub.dartlang.org"
    source: hosted
    version: "0.2.3"
  sky_engine:
    dependency: transitive
    description: flutter
    source: sdk
    version: "0.0.99"
  smart_dates:
    dependency: "direct overridden"
    description:
      path: "../../../sunny_entities/smart_dates"
      relative: true
    source: path
    version: "1.0.0"
  source_gen:
    dependency: transitive
    description:
      name: source_gen
      url: "https://pub.dartlang.org"
    source: hosted
    version: "0.9.10+1"
  source_maps:
    dependency: transitive
    description:
      name: source_maps
      url: "https://pub.dartlang.org"
    source: hosted
    version: "0.10.9"
  source_span:
    dependency: transitive
    description:
      name: source_span
      url: "https://pub.dartlang.org"
    source: hosted
    version: "1.8.0-nullsafety.4"
  sqflite:
    dependency: transitive
    description:
      name: sqflite
      url: "https://pub.dartlang.org"
    source: hosted
    version: "1.3.2+1"
  sqflite_common:
    dependency: transitive
    description:
      name: sqflite_common
      url: "https://pub.dartlang.org"
    source: hosted
    version: "1.0.2+1"
  sqflite_common_ffi:
    dependency: transitive
    description:
      name: sqflite_common_ffi
      url: "https://pub.dartlang.org"
    source: hosted
    version: "1.1.1"
  sqlite3:
    dependency: transitive
    description:
      name: sqlite3
      url: "https://pub.dartlang.org"
    source: hosted
    version: "0.1.8"
  stack_trace:
    dependency: transitive
    description:
      name: stack_trace
      url: "https://pub.dartlang.org"
    source: hosted
    version: "1.10.0-nullsafety.6"
  stream_channel:
    dependency: transitive
    description:
      name: stream_channel
      url: "https://pub.dartlang.org"
    source: hosted
    version: "2.1.0-nullsafety.3"
  stream_transform:
    dependency: transitive
    description:
      name: stream_transform
      url: "https://pub.dartlang.org"
    source: hosted
    version: "1.2.0"
  string_scanner:
    dependency: transitive
    description:
      name: string_scanner
      url: "https://pub.dartlang.org"
    source: hosted
    version: "1.1.0-nullsafety.3"
  sunny:
    dependency: "direct overridden"
    description:
      path: "../../../sunny_entities/sunny"
      relative: true
    source: path
    version: "0.0.0"
  sunny_core_widgets:
    dependency: "direct overridden"
    description:
      path: "../../../sunny_core_widgets"
      relative: true
    source: path
    version: "0.0.0"
  sunny_dart:
    dependency: "direct overridden"
    description:
      path: "../../../sunny_dart"
      relative: true
    source: path
    version: "0.6.0+4"
  sunny_data:
    dependency: "direct overridden"
    description:
      path: "../../../sunny_data"
      relative: true
    source: path
    version: "0.4.4"
  sunny_fluro:
    dependency: "direct overridden"
    description:
      path: "../../../sunny_fluro"
      relative: true
    source: path
    version: "1.7.0+1"
  sunny_forms:
    dependency: "direct overridden"
    description:
      path: "../../../sunny_forms"
      relative: true
    source: path
    version: "0.0.0"
  sunny_main:
    dependency: "direct overridden"
    description:
      path: "../../../sunny_entities/sunny_main"
      relative: true
    source: path
    version: "0.0.0"
  sunny_sdk_core:
    dependency: "direct overridden"
    description:
      path: "../../../sunny_sdk_core"
      relative: true
    source: path
    version: "0.0.0"
  sunny_services:
    dependency: "direct main"
    description:
      path: "../../../sunny_services"
      relative: true
    source: path
    version: "1.0.0+4"
  synchronized:
    dependency: transitive
    description:
      name: synchronized
      url: "https://pub.dartlang.org"
    source: hosted
    version: "2.2.0+2"
  term_glyph:
    dependency: transitive
    description:
      name: term_glyph
      url: "https://pub.dartlang.org"
    source: hosted
    version: "1.2.0-nullsafety.3"
  time:
    dependency: transitive
    description:
      name: time
      url: "https://pub.dartlang.org"
    source: hosted
    version: "1.4.0"
  timeago:
    dependency: transitive
    description:
      name: timeago
      url: "https://pub.dartlang.org"
    source: hosted
    version: "2.0.29"
  timezone:
    dependency: transitive
    description:
      name: timezone
      url: "https://pub.dartlang.org"
    source: hosted
    version: "0.6.1"
  timing:
    dependency: transitive
    description:
      name: timing
      url: "https://pub.dartlang.org"
    source: hosted
    version: "0.1.1+2"
  typed_data:
    dependency: transitive
    description:
      name: typed_data
      url: "https://pub.dartlang.org"
    source: hosted
    version: "1.3.0-nullsafety.5"
  universal_ui:
    dependency: transitive
    description:
      name: universal_ui
      url: "https://pub.dartlang.org"
    source: hosted
    version: "0.0.8"
  uri:
    dependency: transitive
    description:
      name: uri
      url: "https://pub.dartlang.org"
    source: hosted
    version: "0.11.4"
  url_launcher:
    dependency: transitive
    description:
      name: url_launcher
      url: "https://pub.dartlang.org"
    source: hosted
    version: "5.7.10"
  url_launcher_linux:
    dependency: transitive
    description:
      name: url_launcher_linux
      url: "https://pub.dartlang.org"
    source: hosted
    version: "0.0.1+4"
  url_launcher_macos:
    dependency: transitive
    description:
      name: url_launcher_macos
      url: "https://pub.dartlang.org"
    source: hosted
    version: "0.0.1+9"
  url_launcher_platform_interface:
    dependency: transitive
    description:
      name: url_launcher_platform_interface
      url: "https://pub.dartlang.org"
    source: hosted
    version: "1.0.9"
  url_launcher_web:
    dependency: transitive
    description:
      name: url_launcher_web
      url: "https://pub.dartlang.org"
    source: hosted
    version: "0.1.5+1"
  url_launcher_windows:
    dependency: transitive
    description:
      name: url_launcher_windows
      url: "https://pub.dartlang.org"
    source: hosted
    version: "0.0.1+3"
  uuid:
    dependency: transitive
    description:
      name: uuid
      url: "https://pub.dartlang.org"
    source: hosted
    version: "2.2.2"
  validators:
    dependency: transitive
    description:
      name: validators
      url: "https://pub.dartlang.org"
    source: hosted
    version: "2.0.1"
  vector_math:
    dependency: transitive
    description:
      name: vector_math
      url: "https://pub.dartlang.org"
    source: hosted
    version: "2.1.0-nullsafety.5"
  video_player:
    dependency: transitive
    description:
      name: video_player
      url: "https://pub.dartlang.org"
    source: hosted
    version: "1.0.1"
  video_player_platform_interface:
    dependency: transitive
    description:
      name: video_player_platform_interface
      url: "https://pub.dartlang.org"
    source: hosted
    version: "2.2.0"
  video_player_web:
    dependency: transitive
    description:
      name: video_player_web
      url: "https://pub.dartlang.org"
    source: hosted
    version: "0.1.4+1"
  vin_decoder:
    dependency: transitive
    description:
      name: vin_decoder
      url: "https://pub.dartlang.org"
    source: hosted
    version: "0.1.3"
  wakelock:
    dependency: transitive
    description:
      name: wakelock
      url: "https://pub.dartlang.org"
    source: hosted
    version: "0.2.1+1"
  wakelock_platform_interface:
    dependency: transitive
    description:
      name: wakelock_platform_interface
      url: "https://pub.dartlang.org"
    source: hosted
    version: "0.1.0+1"
  wakelock_web:
    dependency: transitive
    description:
      name: wakelock_web
      url: "https://pub.dartlang.org"
    source: hosted
    version: "0.1.0+3"
  watcher:
    dependency: transitive
    description:
      name: watcher
      url: "https://pub.dartlang.org"
    source: hosted
    version: "0.9.7+15"
  waterfall_flow:
    dependency: transitive
    description:
      name: waterfall_flow
      url: "https://pub.dartlang.org"
    source: hosted
    version: "2.0.5"
  waypoints:
    dependency: "direct overridden"
    description:
      path: "../../../sunny_entities/waypoints"
      relative: true
    source: path
    version: "0.0.0"
  web_socket_channel:
    dependency: transitive
    description:
      name: web_socket_channel
      url: "https://pub.dartlang.org"
    source: hosted
    version: "1.1.0"
  webview_flutter:
    dependency: transitive
    description:
      name: webview_flutter
      url: "https://pub.dartlang.org"
    source: hosted
    version: "1.0.7"
  win32:
    dependency: transitive
    description:
      name: win32
      url: "https://pub.dartlang.org"
    source: hosted
    version: "1.7.4"
  worker_service:
    dependency: "direct main"
    description:
      path: "../.."
      relative: true
    source: path
    version: "0.5.2+2"
  xdg_directories:
    dependency: transitive
    description:
      name: xdg_directories
      url: "https://pub.dartlang.org"
    source: hosted
    version: "0.1.2"
  xml:
    dependency: transitive
    description:
      name: xml
      url: "https://pub.dartlang.org"
    source: hosted
    version: "4.5.1"
  yaml:
    dependency: transitive
    description:
      name: yaml
      url: "https://pub.dartlang.org"
    source: hosted
    version: "2.2.1"
sdks:
  dart: ">=2.12.0-29.10.beta <3.0.0"
  flutter: ">=1.24.0-6.0.pre <2.0.0"
